
Microsoft Visual Studio Solution File, Format Version 12.00
# Visual Studio Version 16
VisualStudioVersion = 16.0.32602.291
MinimumVisualStudioVersion = 10.0.40219.1
Project("{FAE04EC0-301F-11D3-BF4B-00C04F79EFBC}") = "Educational Center Project", "Educational Center Project\Educational Center Project.csproj", "{E20BCA33-2C6D-48F5-BB7C-13068CF967A6}"
EndProject
Global
	GlobalSection(SolutionConfigurationPlatforms) = preSolution
		Debug|Any CPU = Debug|Any CPU
		Release|Any CPU = Release|Any CPU
	EndGlobalSection
	GlobalSection(ProjectConfigurationPlatforms) = postSolution
		{E20BCA33-2C6D-48F5-BB7C-13068CF967A6}.Debug|Any CPU.ActiveCfg = Debug|Any CPU
		{E20BCA33-2C6D-48F5-BB7C-13068CF967A6}.Debug|Any CPU.Build.0 = Debug|Any CPU
		{E20BCA33-2C6D-48F5-BB7C-13068CF967A6}.Release|Any CPU.ActiveCfg = Release|Any CPU
		{E20BCA33-2C6D-48F5-BB7C-13068CF967A6}.Release|Any CPU.Build.0 = Release|Any CPU
	EndGlobalSection
	GlobalSection(SolutionProperties) = preSolution
		HideSolutionNode = FALSE
	EndGlobalSection
	GlobalSection(ExtensibilityGlobals) = postSolution
		SolutionGuid = {BAEB252A-E9F0-41E4-9D68-ADF222CB7466}
	EndGlobalSection
EndGlobal
